
Microsoft Visual Studio Solution File, Format Version 12.00
# Visual Studio 15
VisualStudioVersion = 15.0.28010.2048
MinimumVisualStudioVersion = 10.0.40219.1
Project("{FAE04EC0-301F-11D3-BF4B-00C04F79EFBC}") = "ConsoleTestProject", "ConsoleTestProject\ConsoleTestProject.csproj", "{4C2250FE-C2CC-48E4-B6B3-218EAFEF68BB}"
EndProject
Global
	GlobalSection(SolutionConfigurationPlatforms) = preSolution
		Debug|Any CPU = Debug|Any CPU
		Release|Any CPU = Release|Any CPU
	EndGlobalSection
	GlobalSection(ProjectConfigurationPlatforms) = postSolution
		{4C2250FE-C2CC-48E4-B6B3-218EAFEF68BB}.Debug|Any CPU.ActiveCfg = Debug|Any CPU
		{4C2250FE-C2CC-48E4-B6B3-218EAFEF68BB}.Debug|Any CPU.Build.0 = Debug|Any CPU
		{4C2250FE-C2CC-48E4-B6B3-218EAFEF68BB}.Release|Any CPU.ActiveCfg = Release|Any CPU
		{4C2250FE-C2CC-48E4-B6B3-218EAFEF68BB}.Release|Any CPU.Build.0 = Release|Any CPU
	EndGlobalSection
	GlobalSection(SolutionProperties) = preSolution
		HideSolutionNode = FALSE
	EndGlobalSection
	GlobalSection(ExtensibilityGlobals) = postSolution
		SolutionGuid = {7BB2734D-1AD3-40F8-8D87-7002C2649467}
	EndGlobalSection
EndGlobal
